# THIS IS AN AUTOGENERATED FILE. DO NOT EDIT THIS FILE DIRECTLY.
# yarn lockfile v1


turbo-darwin-64@1.7.2:
  version "1.7.2"
  resolved "https://registry.yarnpkg.com/turbo-darwin-64/-/turbo-darwin-64-1.7.2.tgz#ee79dad3009122e5754433df348f51f93f461ae1"
  integrity sha512-Sml3WR8MSu80W+gS8SnoKNImcDOlIX7zlvezzds65mW11yGniIFfZ18aKWGOm92Nj2SvXCQ2+UmyGghbFaHNmQ==

turbo-darwin-arm64@1.7.2:
  version "1.7.2"
  resolved "https://registry.yarnpkg.com/turbo-darwin-arm64/-/turbo-darwin-arm64-1.7.2.tgz#a5999de8a5d8d91a27a0dd9f71cc83ec2298e4d8"
  integrity sha512-JnlgGLScboUJGJxvmSsF+5xkImEDTMPg2FHzX4n8AMB9az9ZlPQAMtc+xu4p6Xp9eaykKiV2RG81YS3H0fxDLA==

turbo-linux-64@1.7.2:
  version "1.7.2"
  resolved "https://registry.yarnpkg.com/turbo-linux-64/-/turbo-linux-64-1.7.2.tgz#fefdb94d248ff88aafa5276dcf2350e792cb2b29"
  integrity sha512-vbLJw6ovG+lpiPqxniscBjljKJ2jbsHuKp8uK4j/wqgp68wAVKeAZW77GGDAUgDb88XH6Kvhh2hcizL+iWduww==

turbo-linux-arm64@1.7.2:
  version "1.7.2"
  resolved "https://registry.yarnpkg.com/turbo-linux-arm64/-/turbo-linux-arm64-1.7.2.tgz#70e2770a5915c3db5a7c324c7b6cf4efc9b8f867"
  integrity sha512-zLnuS8WdHonKL74KqOopOH/leBOWumlVGF8/8hldbDPq0mwY+6myRR5/5LdveB51rkG4UJh/sQ94xV67tjBoyw==

turbo-windows-64@1.7.2:
  version "1.7.2"
  resolved "https://registry.yarnpkg.com/turbo-windows-64/-/turbo-windows-64-1.7.2.tgz#21e0008a28bff275de1e3ba281ec399ccc863a97"
  integrity sha512-oE5PMoXjmR09okvVzteFb6FjA6yo+nMsacsgKH2yLNq4sOrVo9tG98JkRurOv5+L6ZQ3yGXPxWHiqeH7hLkAVQ==

turbo-windows-arm64@1.7.2:
  version "1.7.2"
  resolved "https://registry.yarnpkg.com/turbo-windows-arm64/-/turbo-windows-arm64-1.7.2.tgz#873afbd6e1170d9f8d4c758ab3fbc9f7a0cd9dd7"
  integrity sha512-mdTUJk23acRv5qxA/yEstYhM1VFenVE3FDrssxGRFq7S80smtCGK1xUd4BEDDzDlVXOqBohmM5jRh9516rcjPQ==

turbo@^1.7.2:
  version "1.7.2"
  resolved "https://registry.yarnpkg.com/turbo/-/turbo-1.7.2.tgz#ed7394631fac523fd0654f9c81306d40ef61014a"
  integrity sha512-YR/x3GZEx0C1RV6Yvuw/HB1Ixx3upM6ZTTa4WqKz9WtLWN8u2g+u2h5KpG5YtjCS3wl/8zVXgHf2WiMK6KIghg==
  optionalDependencies:
    turbo-darwin-64 "1.7.2"
    turbo-darwin-arm64 "1.7.2"
    turbo-linux-64 "1.7.2"
    turbo-linux-arm64 "1.7.2"
    turbo-windows-64 "1.7.2"
    turbo-windows-arm64 "1.7.2"
